
Microsoft Visual Studio Solution File, Format Version 12.00
# Visual Studio Version 17
VisualStudioVersion = 17.3.32929.385
MinimumVisualStudioVersion = 10.0.40219.1
Project("{9A19103F-16F7-4668-BE54-9A1E7A4F7556}") = "PucWebApplication", "PucWebApplication\PucWebApplication.csproj", "{AF517E68-BEB7-423D-91D7-D0F06D35E298}"
EndProject
Global
	GlobalSection(SolutionConfigurationPlatforms) = preSolution
		Debug|Any CPU = Debug|Any CPU
		Release|Any CPU = Release|Any CPU
	EndGlobalSection
	GlobalSection(ProjectConfigurationPlatforms) = postSolution
		{AF517E68-BEB7-423D-91D7-D0F06D35E298}.Debug|Any CPU.ActiveCfg = Debug|Any CPU
		{AF517E68-BEB7-423D-91D7-D0F06D35E298}.Debug|Any CPU.Build.0 = Debug|Any CPU
		{AF517E68-BEB7-423D-91D7-D0F06D35E298}.Release|Any CPU.ActiveCfg = Release|Any CPU
		{AF517E68-BEB7-423D-91D7-D0F06D35E298}.Release|Any CPU.Build.0 = Release|Any CPU
	EndGlobalSection
	GlobalSection(SolutionProperties) = preSolution
		HideSolutionNode = FALSE
	EndGlobalSection
	GlobalSection(ExtensibilityGlobals) = postSolution
		SolutionGuid = {E9A133EF-309D-449A-8E21-807B7D4F4644}
	EndGlobalSection
EndGlobal
